// !$*UTF8*$!
{
	archiveVersion = 1;
	classes = {
	};
	objectVersion = 46;
	objects = {

/* Begin PBXBuildFile section */
		DB98F39A1D6F833D00370970 /* AppDelegate.swift in Sources */ = {isa = PBXBuildFile; fileRef = DB98F3991D6F833D00370970 /* AppDelegate.swift */; };
		DB98F39F1D6F833D00370970 /* Main.storyboard in Resources */ = {isa = PBXBuildFile; fileRef = DB98F39D1D6F833D00370970 /* Main.storyboard */; };
		DB98F3A21D6F833D00370970 /* CodeAssessment.xcdatamodeld in Sources */ = {isa = PBXBuildFile; fileRef = DB98F3A01D6F833D00370970 /* CodeAssessment.xcdatamodeld */; };
		DB98F3A41D6F833D00370970 /* Assets.xcassets in Resources */ = {isa = PBXBuildFile; fileRef = DB98F3A31D6F833D00370970 /* Assets.xcassets */; };
		DB98F3A71D6F833D00370970 /* LaunchScreen.storyboard in Resources */ = {isa = PBXBuildFile; fileRef = DB98F3A51D6F833D00370970 /* LaunchScreen.storyboard */; };
		DB98F3AF1D6F838000370970 /* RandomUserTableViewController.swift in Sources */ = {isa = PBXBuildFile; fileRef = DB98F3AE1D6F838000370970 /* RandomUserTableViewController.swift */; };
		DB98F3B11D6F83C700370970 /* UserImageView.swift in Sources */ = {isa = PBXBuildFile; fileRef = DB98F3B01D6F83C700370970 /* UserImageView.swift */; };
		DB98F3B31D6F848900370970 /* ImageController.swift in Sources */ = {isa = PBXBuildFile; fileRef = DB98F3B21D6F848900370970 /* ImageController.swift */; };
		DB98F3B51D6F849500370970 /* NetworkController.swift in Sources */ = {isa = PBXBuildFile; fileRef = DB98F3B41D6F849500370970 /* NetworkController.swift */; };
		DB98F3BB1D6F85E900370970 /* User.swift in Sources */ = {isa = PBXBuildFile; fileRef = DB98F3B91D6F85E900370970 /* User.swift */; };
		DB98F3BD1D6F892C00370970 /* Stack.swift in Sources */ = {isa = PBXBuildFile; fileRef = DB98F3BC1D6F892C00370970 /* Stack.swift */; };
		DB98F3BF1D6F8FFB00370970 /* UserTableViewCell.swift in Sources */ = {isa = PBXBuildFile; fileRef = DB98F3BE1D6F8FFB00370970 /* UserTableViewCell.swift */; };
		DB98F3C31D6F918600370970 /* UserController.swift in Sources */ = {isa = PBXBuildFile; fileRef = DB98F3C21D6F918600370970 /* UserController.swift */; };
		DB98F3C81D6F9FD600370970 /* User+CoreDataProperties.swift in Sources */ = {isa = PBXBuildFile; fileRef = DB98F3C71D6F9FD600370970 /* User+CoreDataProperties.swift */; };
/* End PBXBuildFile section */

/* Begin PBXFileReference section */
		DB98F3961D6F833D00370970 /* CodeAssessment.app */ = {isa = PBXFileReference; explicitFileType = wrapper.application; includeInIndex = 0; path = CodeAssessment.app; sourceTree = BUILT_PRODUCTS_DIR; };
		DB98F3991D6F833D00370970 /* AppDelegate.swift */ = {isa = PBXFileReference; lastKnownFileType = sourcecode.swift; path = AppDelegate.swift; sourceTree = "<group>"; };
		DB98F39E1D6F833D00370970 /* Base */ = {isa = PBXFileReference; lastKnownFileType = file.storyboard; name = Base; path = Base.lproj/Main.storyboard; sourceTree = "<group>"; };
		DB98F3A11D6F833D00370970 /* CodeAssessment.xcdatamodel */ = {isa = PBXFileReference; lastKnownFileType = wrapper.xcdatamodel; path = CodeAssessment.xcdatamodel; sourceTree = "<group>"; };
		DB98F3A31D6F833D00370970 /* Assets.xcassets */ = {isa = PBXFileReference; lastKnownFileType = folder.assetcatalog; path = Assets.xcassets; sourceTree = "<group>"; };
		DB98F3A61D6F833D00370970 /* Base */ = {isa = PBXFileReference; lastKnownFileType = file.storyboard; name = Base; path = Base.lproj/LaunchScreen.storyboard; sourceTree = "<group>"; };
		DB98F3A81D6F833D00370970 /* Info.plist */ = {isa = PBXFileReference; lastKnownFileType = text.plist.xml; path = Info.plist; sourceTree = "<group>"; };
		DB98F3AE1D6F838000370970 /* RandomUserTableViewController.swift */ = {isa = PBXFileReference; fileEncoding = 4; lastKnownFileType = sourcecode.swift; path = RandomUserTableViewController.swift; sourceTree = "<group>"; };
		DB98F3B01D6F83C700370970 /* UserImageView.swift */ = {isa = PBXFileReference; fileEncoding = 4; lastKnownFileType = sourcecode.swift; path = UserImageView.swift; sourceTree = "<group>"; };
		DB98F3B21D6F848900370970 /* ImageController.swift */ = {isa = PBXFileReference; fileEncoding = 4; lastKnownFileType = sourcecode.swift; path = ImageController.swift; sourceTree = "<group>"; };
		DB98F3B41D6F849500370970 /* NetworkController.swift */ = {isa = PBXFileReference; fileEncoding = 4; lastKnownFileType = sourcecode.swift; path = NetworkController.swift; sourceTree = "<group>"; };
		DB98F3B91D6F85E900370970 /* User.swift */ = {isa = PBXFileReference; fileEncoding = 4; lastKnownFileType = sourcecode.swift; path = User.swift; sourceTree = "<group>"; };
		DB98F3BC1D6F892C00370970 /* Stack.swift */ = {isa = PBXFileReference; fileEncoding = 4; lastKnownFileType = sourcecode.swift; path = Stack.swift; sourceTree = "<group>"; };
		DB98F3BE1D6F8FFB00370970 /* UserTableViewCell.swift */ = {isa = PBXFileReference; fileEncoding = 4; lastKnownFileType = sourcecode.swift; path = UserTableViewCell.swift; sourceTree = "<group>"; };
		DB98F3C21D6F918600370970 /* UserController.swift */ = {isa = PBXFileReference; fileEncoding = 4; lastKnownFileType = sourcecode.swift; path = UserController.swift; sourceTree = "<group>"; };
		DB98F3C71D6F9FD600370970 /* User+CoreDataProperties.swift */ = {isa = PBXFileReference; fileEncoding = 4; lastKnownFileType = sourcecode.swift; path = "User+CoreDataProperties.swift"; sourceTree = "<group>"; };
/* End PBXFileReference section */

/* Begin PBXFrameworksBuildPhase section */
		DB98F3931D6F833D00370970 /* Frameworks */ = {
			isa = PBXFrameworksBuildPhase;
			buildActionMask = 2147483647;
			files = (
			);
			runOnlyForDeploymentPostprocessing = 0;
		};
/* End PBXFrameworksBuildPhase section */

/* Begin PBXGroup section */
		DB98F38D1D6F833D00370970 = {
			isa = PBXGroup;
			children = (
				DB98F3981D6F833D00370970 /* CodeAssessment */,
				DB98F3971D6F833D00370970 /* Products */,
			);
			sourceTree = "<group>";
		};
		DB98F3971D6F833D00370970 /* Products */ = {
			isa = PBXGroup;
			children = (
				DB98F3961D6F833D00370970 /* CodeAssessment.app */,
			);
			name = Products;
			sourceTree = "<group>";
		};
		DB98F3981D6F833D00370970 /* CodeAssessment */ = {
			isa = PBXGroup;
			children = (
				DB98F3991D6F833D00370970 /* AppDelegate.swift */,
				DB98F3BC1D6F892C00370970 /* Stack.swift */,
				DB98F39D1D6F833D00370970 /* Main.storyboard */,
				DB98F3C41D6F97D000370970 /* Model */,
				DB98F3C51D6F97E700370970 /* Views + ViewControllers */,
				DB98F3C61D6F97F800370970 /* Controllers */,
				DB98F3A31D6F833D00370970 /* Assets.xcassets */,
				DB98F3A51D6F833D00370970 /* LaunchScreen.storyboard */,
				DB98F3A81D6F833D00370970 /* Info.plist */,
				DB98F3A01D6F833D00370970 /* CodeAssessment.xcdatamodeld */,
			);
			path = CodeAssessment;
			sourceTree = "<group>";
		};
		DB98F3C41D6F97D000370970 /* Model */ = {
			isa = PBXGroup;
			children = (
				DB98F3C71D6F9FD600370970 /* User+CoreDataProperties.swift */,
				DB98F3B91D6F85E900370970 /* User.swift */,
			);
			name = Model;
			sourceTree = "<group>";
		};
		DB98F3C51D6F97E700370970 /* Views + ViewControllers */ = {
			isa = PBXGroup;
			children = (
				DB98F3BE1D6F8FFB00370970 /* UserTableViewCell.swift */,
				DB98F3B01D6F83C700370970 /* UserImageView.swift */,
				DB98F3AE1D6F838000370970 /* RandomUserTableViewController.swift */,
			);
			name = "Views + ViewControllers";
			sourceTree = "<group>";
		};
		DB98F3C61D6F97F800370970 /* Controllers */ = {
			isa = PBXGroup;
			children = (
				DB98F3B21D6F848900370970 /* ImageController.swift */,
				DB98F3B41D6F849500370970 /* NetworkController.swift */,
				DB98F3C21D6F918600370970 /* UserController.swift */,
			);
			name = Controllers;
			sourceTree = "<group>";
		};
/* End PBXGroup section */

/* Begin PBXNativeTarget section */
		DB98F3951D6F833D00370970 /* CodeAssessment */ = {
			isa = PBXNativeTarget;
			buildConfigurationList = DB98F3AB1D6F833D00370970 /* Build configuration list for PBXNativeTarget "CodeAssessment" */;
			buildPhases = (
				DB98F3921D6F833D00370970 /* Sources */,
				DB98F3931D6F833D00370970 /* Frameworks */,
				DB98F3941D6F833D00370970 /* Resources */,
			);
			buildRules = (
			);
			dependencies = (
			);
			name = CodeAssessment;
			productName = CodeAssessment;
			productReference = DB98F3961D6F833D00370970 /* CodeAssessment.app */;
			productType = "com.apple.product-type.application";
		};
/* End PBXNativeTarget section */

/* Begin PBXProject section */
		DB98F38E1D6F833D00370970 /* Project object */ = {
			isa = PBXProject;
			attributes = {
				LastSwiftUpdateCheck = 0730;
				LastUpgradeCheck = 0730;
				ORGANIZATIONNAME = "Justin Smith";
				TargetAttributes = {
					DB98F3951D6F833D00370970 = {
						CreatedOnToolsVersion = 7.3.1;
					};
				};
			};
			buildConfigurationList = DB98F3911D6F833D00370970 /* Build configuration list for PBXProject "CodeAssessment" */;
			compatibilityVersion = "Xcode 3.2";
			developmentRegion = English;
			hasScannedForEncodings = 0;
			knownRegions = (
				en,
				Base,
			);
			mainGroup = DB98F38D1D6F833D00370970;
			productRefGroup = DB98F3971D6F833D00370970 /* Products */;
			projectDirPath = "";
			projectRoot = "";
			targets = (
				DB98F3951D6F833D00370970 /* CodeAssessment */,
			);
		};
/* End PBXProject section */

/* Begin PBXResourcesBuildPhase section */
		DB98F3941D6F833D00370970 /* Resources */ = {
			isa = PBXResourcesBuildPhase;
			buildActionMask = 2147483647;
			files = (
				DB98F3A71D6F833D00370970 /* LaunchScreen.storyboard in Resources */,
				DB98F3A41D6F833D00370970 /* Assets.xcassets in Resources */,
				DB98F39F1D6F833D00370970 /* Main.storyboard in Resources */,
			);
			runOnlyForDeploymentPostprocessing = 0;
		};
/* End PBXResourcesBuildPhase section */

/* Begin PBXSourcesBuildPhase section */
		DB98F3921D6F833D00370970 /* Sources */ = {
			isa = PBXSourcesBuildPhase;
			buildActionMask = 2147483647;
			files = (
				DB98F3B31D6F848900370970 /* ImageController.swift in Sources */,
				DB98F3BF1D6F8FFB00370970 /* UserTableViewCell.swift in Sources */,
				DB98F3BD1D6F892C00370970 /* Stack.swift in Sources */,
				DB98F3C31D6F918600370970 /* UserController.swift in Sources */,
				DB98F3A21D6F833D00370970 /* CodeAssessment.xcdatamodeld in Sources */,
				DB98F3B51D6F849500370970 /* NetworkController.swift in Sources */,
				DB98F3BB1D6F85E900370970 /* User.swift in Sources */,
				DB98F3C81D6F9FD600370970 /* User+CoreDataProperties.swift in Sources */,
				DB98F3AF1D6F838000370970 /* RandomUserTableViewController.swift in Sources */,
				DB98F39A1D6F833D00370970 /* AppDelegate.swift in Sources */,
				DB98F3B11D6F83C700370970 /* UserImageView.swift in Sources */,
			);
			runOnlyForDeploymentPostprocessing = 0;
		};
/* End PBXSourcesBuildPhase section */

/* Begin PBXVariantGroup section */
		DB98F39D1D6F833D00370970 /* Main.storyboard */ = {
			isa = PBXVariantGroup;
			children = (
				DB98F39E1D6F833D00370970 /* Base */,
			);
			name = Main.storyboard;
			sourceTree = "<group>";
		};
		DB98F3A51D6F833D00370970 /* LaunchScreen.storyboard */ = {
			isa = PBXVariantGroup;
			children = (
				DB98F3A61D6F833D00370970 /* Base */,
			);
			name = LaunchScreen.storyboard;
			sourceTree = "<group>";
		};
/* End PBXVariantGroup section */

/* Begin XCBuildConfiguration section */
		DB98F3A91D6F833D00370970 /* Debug */ = {
			isa = XCBuildConfiguration;
			buildSettings = {
				ALWAYS_SEARCH_USER_PATHS = NO;
				CLANG_ANALYZER_NONNULL = YES;
				CLANG_CXX_LANGUAGE_STANDARD = "gnu++0x";
				CLANG_CXX_LIBRARY = "libc++";
				CLANG_ENABLE_MODULES = YES;
				CLANG_ENABLE_OBJC_ARC = YES;
				CLANG_WARN_BOOL_CONVERSION = YES;
				CLANG_WARN_CONSTANT_CONVERSION = YES;
				CLANG_WARN_DIRECT_OBJC_ISA_USAGE = YES_ERROR;
				CLANG_WARN_EMPTY_BODY = YES;
				CLANG_WARN_ENUM_CONVERSION = YES;
				CLANG_WARN_INT_CONVERSION = YES;
				CLANG_WARN_OBJC_ROOT_CLASS = YES_ERROR;
				CLANG_WARN_UNREACHABLE_CODE = YES;
				CLANG_WARN__DUPLICATE_METHOD_MATCH = YES;
				"CODE_SIGN_IDENTITY[sdk=iphoneos*]" = "iPhone Developer";
				COPY_PHASE_STRIP = NO;
				DEBUG_INFORMATION_FORMAT = dwarf;
				ENABLE_STRICT_OBJC_MSGSEND = YES;
				ENABLE_TESTABILITY = YES;
				GCC_C_LANGUAGE_STANDARD = gnu99;
				GCC_DYNAMIC_NO_PIC = NO;
				GCC_NO_COMMON_BLOCKS = YES;
				GCC_OPTIMIZATION_LEVEL = 0;
				GCC_PREPROCESSOR_DEFINITIONS = (
					"DEBUG=1",
					"$(inherited)",
				);
				GCC_WARN_64_TO_32_BIT_CONVERSION = YES;
				GCC_WARN_ABOUT_RETURN_TYPE = YES_ERROR;
				GCC_WARN_UNDECLARED_SELECTOR = YES;
				GCC_WARN_UNINITIALIZED_AUTOS = YES_AGGRESSIVE;
				GCC_WARN_UNUSED_FUNCTION = YES;
				GCC_WARN_UNUSED_VARIABLE = YES;
				IPHONEOS_DEPLOYMENT_TARGET = 9.3;
				MTL_ENABLE_DEBUG_INFO = YES;
				ONLY_ACTIVE_ARCH = YES;
				SDKROOT = iphoneos;
				SWIFT_OPTIMIZATION_LEVEL = "-Onone";
				TARGETED_DEVICE_FAMILY = "1,2";
			};
			name = Debug;
		};
		DB98F3AA1D6F833D00370970 /* Release */ = {
			isa = XCBuildConfiguration;
			buildSettings = {
				ALWAYS_SEARCH_USER_PATHS = NO;
				CLANG_ANALYZER_NONNULL = YES;
				CLANG_CXX_LANGUAGE_STANDARD = "gnu++0x";
				CLANG_CXX_LIBRARY = "libc++";
				CLANG_ENABLE_MODULES = YES;
				CLANG_ENABLE_OBJC_ARC = YES;
				CLANG_WARN_BOOL_CONVERSION = YES;
				CLANG_WARN_CONSTANT_CONVERSION = YES;
				CLANG_WARN_DIRECT_OBJC_ISA_USAGE = YES_ERROR;
				CLANG_WARN_EMPTY_BODY = YES;
				CLANG_WARN_ENUM_CONVERSION = YES;
				CLANG_WARN_INT_CONVERSION = YES;
				CLANG_WARN_OBJC_ROOT_CLASS = YES_ERROR;
				CLANG_WARN_UNREACHABLE_CODE = YES;
				CLANG_WARN__DUPLICATE_METHOD_MATCH = YES;
				"CODE_SIGN_IDENTITY[sdk=iphoneos*]" = "iPhone Developer";
				COPY_PHASE_STRIP = NO;
				DEBUG_INFORMATION_FORMAT = "dwarf-with-dsym";
				ENABLE_NS_ASSERTIONS = NO;
				ENABLE_STRICT_OBJC_MSGSEND = YES;
				GCC_C_LANGUAGE_STANDARD = gnu99;
				GCC_NO_COMMON_BLOCKS = YES;
				GCC_WARN_64_TO_32_BIT_CONVERSION = YES;
				GCC_WARN_ABOUT_RETURN_TYPE = YES_ERROR;
				GCC_WARN_UNDECLARED_SELECTOR = YES;
				GCC_WARN_UNINITIALIZED_AUTOS = YES_AGGRESSIVE;
				GCC_WARN_UNUSED_FUNCTION = YES;
				GCC_WARN_UNUSED_VARIABLE = YES;
				IPHONEOS_DEPLOYMENT_TARGET = 9.3;
				MTL_ENABLE_DEBUG_INFO = NO;
				SDKROOT = iphoneos;
				TARGETED_DEVICE_FAMILY = "1,2";
				VALIDATE_PRODUCT = YES;
			};
			name = Release;
		};
		DB98F3AC1D6F833D00370970 /* Debug */ = {
			isa = XCBuildConfiguration;
			buildSettings = {
				ASSETCATALOG_COMPILER_APPICON_NAME = AppIcon;
				INFOPLIST_FILE = CodeAssessment/Info.plist;
				LD_RUNPATH_SEARCH_PATHS = "$(inherited) @executable_path/Frameworks";
				PRODUCT_BUNDLE_IDENTIFIER = com.codesmith.CodeAssessment;
				PRODUCT_NAME = "$(TARGET_NAME)";
			};
			name = Debug;
		};
		DB98F3AD1D6F833D00370970 /* Release */ = {
			isa = XCBuildConfiguration;
			buildSettings = {
				ASSETCATALOG_COMPILER_APPICON_NAME = AppIcon;
				INFOPLIST_FILE = CodeAssessment/Info.plist;
				LD_RUNPATH_SEARCH_PATHS = "$(inherited) @executable_path/Frameworks";
				PRODUCT_BUNDLE_IDENTIFIER = com.codesmith.CodeAssessment;
				PRODUCT_NAME = "$(TARGET_NAME)";
			};
			name = Release;
		};
/* End XCBuildConfiguration section */

/* Begin XCConfigurationList section */
		DB98F3911D6F833D00370970 /* Build configuration list for PBXProject "CodeAssessment" */ = {
			isa = XCConfigurationList;
			buildConfigurations = (
				DB98F3A91D6F833D00370970 /* Debug */,
				DB98F3AA1D6F833D00370970 /* Release */,
			);
			defaultConfigurationIsVisible = 0;
			defaultConfigurationName = Release;
		};
		DB98F3AB1D6F833D00370970 /* Build configuration list for PBXNativeTarget "CodeAssessment" */ = {
			isa = XCConfigurationList;
			buildConfigurations = (
				DB98F3AC1D6F833D00370970 /* Debug */,
				DB98F3AD1D6F833D00370970 /* Release */,
			);
			defaultConfigurationIsVisible = 0;
		};
/* End XCConfigurationList section */

/* Begin XCVersionGroup section */
		DB98F3A01D6F833D00370970 /* CodeAssessment.xcdatamodeld */ = {
			isa = XCVersionGroup;
			children = (
				DB98F3A11D6F833D00370970 /* CodeAssessment.xcdatamodel */,
			);
			currentVersion = DB98F3A11D6F833D00370970 /* CodeAssessment.xcdatamodel */;
			path = CodeAssessment.xcdatamodeld;
			sourceTree = "<group>";
			versionGroupType = wrapper.xcdatamodel;
		};
/* End XCVersionGroup section */
	};
	rootObject = DB98F38E1D6F833D00370970 /* Project object */;
}
